// !$*UTF8*$!
{
	archiveVersion = 1;
	classes = {
	};
	objectVersion = 56;
	objects = {

/* Begin PBXBuildFile section */
		8D04BE592C7328920001825F /* AppDelegate.swift in Sources */ = {isa = PBXBuildFile; fileRef = 8D04BE582C7328920001825F /* AppDelegate.swift */; };
		8D04BE5B2C7328920001825F /* SceneDelegate.swift in Sources */ = {isa = PBXBuildFile; fileRef = 8D04BE5A2C7328920001825F /* SceneDelegate.swift */; };
		8D04BE5D2C7328920001825F /* ViewController.swift in Sources */ = {isa = PBXBuildFile; fileRef = 8D04BE5C2C7328920001825F /* ViewController.swift */; };
		8D04BE602C7328920001825F /* Base in Resources */ = {isa = PBXBuildFile; fileRef = 8D04BE5F2C7328920001825F /* Base */; };
		8D04BE622C7328940001825F /* Assets.xcassets in Resources */ = {isa = PBXBuildFile; fileRef = 8D04BE612C7328940001825F /* Assets.xcassets */; };
		8D04BE652C7328940001825F /* Base in Resources */ = {isa = PBXBuildFile; fileRef = 8D04BE642C7328940001825F /* Base */; };
		8D04BE6E2C732D2E0001825F /* RescuerHistoryTableViewCell.xib in Resources */ = {isa = PBXBuildFile; fileRef = 8D04BE6D2C732D2E0001825F /* RescuerHistoryTableViewCell.xib */; };
		8D04BE6F2C732D2E0001825F /* RescuerHistoryTableViewCell.swift in Sources */ = {isa = PBXBuildFile; fileRef = 8D04BE6C2C732D2E0001825F /* RescuerHistoryTableViewCell.swift */; };
		8DAC849E2C7456A400564032 /* SupportCastTableViewCell.xib in Resources */ = {isa = PBXBuildFile; fileRef = 8DAC849D2C7456A300564032 /* SupportCastTableViewCell.xib */; };
		8DAC849F2C7456A400564032 /* SupportCastTableViewCell.swift in Sources */ = {isa = PBXBuildFile; fileRef = 8DAC849C2C7456A300564032 /* SupportCastTableViewCell.swift */; };
		8DEB1A452C75A1C200699332 /* HeaderTableViewCell.swift in Sources */ = {isa = PBXBuildFile; fileRef = 8DEB1A432C75A1C200699332 /* HeaderTableViewCell.swift */; };
		8DEB1A462C75A1C200699332 /* HeaderTableViewCell.xib in Resources */ = {isa = PBXBuildFile; fileRef = 8DEB1A442C75A1C200699332 /* HeaderTableViewCell.xib */; };
		8DEB1A492C75C4A300699332 /* FoundRescueeTableViewCell.swift in Sources */ = {isa = PBXBuildFile; fileRef = 8DEB1A472C75C4A300699332 /* FoundRescueeTableViewCell.swift */; };
		8DEB1A4A2C75C4A300699332 /* FoundRescueeTableViewCell.xib in Resources */ = {isa = PBXBuildFile; fileRef = 8DEB1A482C75C4A300699332 /* FoundRescueeTableViewCell.xib */; };
/* End PBXBuildFile section */

/* Begin PBXFileReference section */
		8D04BE552C7328920001825F /* BelocatedAlert.app */ = {isa = PBXFileReference; explicitFileType = wrapper.application; includeInIndex = 0; path = BelocatedAlert.app; sourceTree = BUILT_PRODUCTS_DIR; };
		8D04BE582C7328920001825F /* AppDelegate.swift */ = {isa = PBXFileReference; lastKnownFileType = sourcecode.swift; path = AppDelegate.swift; sourceTree = "<group>"; };
		8D04BE5A2C7328920001825F /* SceneDelegate.swift */ = {isa = PBXFileReference; lastKnownFileType = sourcecode.swift; path = SceneDelegate.swift; sourceTree = "<group>"; };
		8D04BE5C2C7328920001825F /* ViewController.swift */ = {isa = PBXFileReference; lastKnownFileType = sourcecode.swift; path = ViewController.swift; sourceTree = "<group>"; };
		8D04BE5F2C7328920001825F /* Base */ = {isa = PBXFileReference; lastKnownFileType = file.storyboard; name = Base; path = Base.lproj/Main.storyboard; sourceTree = "<group>"; };
		8D04BE612C7328940001825F /* Assets.xcassets */ = {isa = PBXFileReference; lastKnownFileType = folder.assetcatalog; path = Assets.xcassets; sourceTree = "<group>"; };
		8D04BE642C7328940001825F /* Base */ = {isa = PBXFileReference; lastKnownFileType = file.storyboard; name = Base; path = Base.lproj/LaunchScreen.storyboard; sourceTree = "<group>"; };
		8D04BE662C7328940001825F /* Info.plist */ = {isa = PBXFileReference; lastKnownFileType = text.plist.xml; path = Info.plist; sourceTree = "<group>"; };
		8D04BE6C2C732D2E0001825F /* RescuerHistoryTableViewCell.swift */ = {isa = PBXFileReference; lastKnownFileType = sourcecode.swift; path = RescuerHistoryTableViewCell.swift; sourceTree = "<group>"; };
		8D04BE6D2C732D2E0001825F /* RescuerHistoryTableViewCell.xib */ = {isa = PBXFileReference; lastKnownFileType = file.xib; path = RescuerHistoryTableViewCell.xib; sourceTree = "<group>"; };
		8DAC849C2C7456A300564032 /* SupportCastTableViewCell.swift */ = {isa = PBXFileReference; lastKnownFileType = sourcecode.swift; path = SupportCastTableViewCell.swift; sourceTree = "<group>"; };
		8DAC849D2C7456A300564032 /* SupportCastTableViewCell.xib */ = {isa = PBXFileReference; lastKnownFileType = file.xib; path = SupportCastTableViewCell.xib; sourceTree = "<group>"; };
		8DEB1A432C75A1C200699332 /* HeaderTableViewCell.swift */ = {isa = PBXFileReference; lastKnownFileType = sourcecode.swift; path = HeaderTableViewCell.swift; sourceTree = "<group>"; };
		8DEB1A442C75A1C200699332 /* HeaderTableViewCell.xib */ = {isa = PBXFileReference; lastKnownFileType = file.xib; path = HeaderTableViewCell.xib; sourceTree = "<group>"; };
		8DEB1A472C75C4A300699332 /* FoundRescueeTableViewCell.swift */ = {isa = PBXFileReference; lastKnownFileType = sourcecode.swift; path = FoundRescueeTableViewCell.swift; sourceTree = "<group>"; };
		8DEB1A482C75C4A300699332 /* FoundRescueeTableViewCell.xib */ = {isa = PBXFileReference; lastKnownFileType = file.xib; path = FoundRescueeTableViewCell.xib; sourceTree = "<group>"; };
/* End PBXFileReference section */

/* Begin PBXFrameworksBuildPhase section */
		8D04BE522C7328920001825F /* Frameworks */ = {
			isa = PBXFrameworksBuildPhase;
			buildActionMask = 2147483647;
			files = (
			);
			runOnlyForDeploymentPostprocessing = 0;
		};
/* End PBXFrameworksBuildPhase section */

/* Begin PBXGroup section */
		8D04BE4C2C7328920001825F = {
			isa = PBXGroup;
			children = (
				8D04BE572C7328920001825F /* BelocatedAlert */,
				8D04BE562C7328920001825F /* Products */,
			);
			sourceTree = "<group>";
		};
		8D04BE562C7328920001825F /* Products */ = {
			isa = PBXGroup;
			children = (
				8D04BE552C7328920001825F /* BelocatedAlert.app */,
			);
			name = Products;
			sourceTree = "<group>";
		};
		8D04BE572C7328920001825F /* BelocatedAlert */ = {
			isa = PBXGroup;
			children = (
				8D04BE582C7328920001825F /* AppDelegate.swift */,
				8D04BE5A2C7328920001825F /* SceneDelegate.swift */,
				8D04BE5C2C7328920001825F /* ViewController.swift */,
				8D04BE6C2C732D2E0001825F /* RescuerHistoryTableViewCell.swift */,
				8DAC849C2C7456A300564032 /* SupportCastTableViewCell.swift */,
				8DEB1A432C75A1C200699332 /* HeaderTableViewCell.swift */,
				8DEB1A472C75C4A300699332 /* FoundRescueeTableViewCell.swift */,
				8D04BE5E2C7328920001825F /* Main.storyboard */,
				8D04BE6D2C732D2E0001825F /* RescuerHistoryTableViewCell.xib */,
				8DAC849D2C7456A300564032 /* SupportCastTableViewCell.xib */,
				8DEB1A442C75A1C200699332 /* HeaderTableViewCell.xib */,
				8DEB1A482C75C4A300699332 /* FoundRescueeTableViewCell.xib */,
				8D04BE612C7328940001825F /* Assets.xcassets */,
				8D04BE632C7328940001825F /* LaunchScreen.storyboard */,
				8D04BE662C7328940001825F /* Info.plist */,
			);
			path = BelocatedAlert;
			sourceTree = "<group>";
		};
/* End PBXGroup section */

/* Begin PBXNativeTarget section */
		8D04BE542C7328920001825F /* BelocatedAlert */ = {
			isa = PBXNativeTarget;
			buildConfigurationList = 8D04BE692C7328940001825F /* Build configuration list for PBXNativeTarget "BelocatedAlert" */;
			buildPhases = (
				8D04BE512C7328920001825F /* Sources */,
				8D04BE522C7328920001825F /* Frameworks */,
				8D04BE532C7328920001825F /* Resources */,
			);
			buildRules = (
			);
			dependencies = (
			);
			name = BelocatedAlert;
			productName = BelocatedAlert;
			productReference = 8D04BE552C7328920001825F /* BelocatedAlert.app */;
			productType = "com.apple.product-type.application";
		};
/* End PBXNativeTarget section */

/* Begin PBXProject section */
		8D04BE4D2C7328920001825F /* Project object */ = {
			isa = PBXProject;
			attributes = {
				BuildIndependentTargetsInParallel = 1;
				LastSwiftUpdateCheck = 1540;
				LastUpgradeCheck = 1540;
				TargetAttributes = {
					8D04BE542C7328920001825F = {
						CreatedOnToolsVersion = 15.4;
					};
				};
			};
			buildConfigurationList = 8D04BE502C7328920001825F /* Build configuration list for PBXProject "BelocatedAlert" */;
			compatibilityVersion = "Xcode 14.0";
			developmentRegion = en;
			hasScannedForEncodings = 0;
			knownRegions = (
				en,
				Base,
			);
			mainGroup = 8D04BE4C2C7328920001825F;
			productRefGroup = 8D04BE562C7328920001825F /* Products */;
			projectDirPath = "";
			projectRoot = "";
			targets = (
				8D04BE542C7328920001825F /* BelocatedAlert */,
			);
		};
/* End PBXProject section */

/* Begin PBXResourcesBuildPhase section */
		8D04BE532C7328920001825F /* Resources */ = {
			isa = PBXResourcesBuildPhase;
			buildActionMask = 2147483647;
			files = (
				8D04BE622C7328940001825F /* Assets.xcassets in Resources */,
				8DAC849E2C7456A400564032 /* SupportCastTableViewCell.xib in Resources */,
				8D04BE652C7328940001825F /* Base in Resources */,
				8D04BE6E2C732D2E0001825F /* RescuerHistoryTableViewCell.xib in Resources */,
				8DEB1A462C75A1C200699332 /* HeaderTableViewCell.xib in Resources */,
				8DEB1A4A2C75C4A300699332 /* FoundRescueeTableViewCell.xib in Resources */,
				8D04BE602C7328920001825F /* Base in Resources */,
			);
			runOnlyForDeploymentPostprocessing = 0;
		};
/* End PBXResourcesBuildPhase section */

/* Begin PBXSourcesBuildPhase section */
		8D04BE512C7328920001825F /* Sources */ = {
			isa = PBXSourcesBuildPhase;
			buildActionMask = 2147483647;
			files = (
				8D04BE5D2C7328920001825F /* ViewController.swift in Sources */,
				8DEB1A492C75C4A300699332 /* FoundRescueeTableViewCell.swift in Sources */,
				8DAC849F2C7456A400564032 /* SupportCastTableViewCell.swift in Sources */,
				8D04BE592C7328920001825F /* AppDelegate.swift in Sources */,
				8D04BE6F2C732D2E0001825F /* RescuerHistoryTableViewCell.swift in Sources */,
				8DEB1A452C75A1C200699332 /* HeaderTableViewCell.swift in Sources */,
				8D04BE5B2C7328920001825F /* SceneDelegate.swift in Sources */,
			);
			runOnlyForDeploymentPostprocessing = 0;
		};
/* End PBXSourcesBuildPhase section */

/* Begin PBXVariantGroup section */
		8D04BE5E2C7328920001825F /* Main.storyboard */ = {
			isa = PBXVariantGroup;
			children = (
				8D04BE5F2C7328920001825F /* Base */,
			);
			name = Main.storyboard;
			sourceTree = "<group>";
		};
		8D04BE632C7328940001825F /* LaunchScreen.storyboard */ = {
			isa = PBXVariantGroup;
			children = (
				8D04BE642C7328940001825F /* Base */,
			);
			name = LaunchScreen.storyboard;
			sourceTree = "<group>";
		};
/* End PBXVariantGroup section */

/* Begin XCBuildConfiguration section */
		8D04BE672C7328940001825F /* Debug */ = {
			isa = XCBuildConfiguration;
			buildSettings = {
				ALWAYS_SEARCH_USER_PATHS = NO;
				ASSETCATALOG_COMPILER_GENERATE_SWIFT_ASSET_SYMBOL_EXTENSIONS = YES;
				CLANG_ANALYZER_NONNULL = YES;
				CLANG_ANALYZER_NUMBER_OBJECT_CONVERSION = YES_AGGRESSIVE;
				CLANG_CXX_LANGUAGE_STANDARD = "gnu++20";
				CLANG_ENABLE_MODULES = YES;
				CLANG_ENABLE_OBJC_ARC = YES;
				CLANG_ENABLE_OBJC_WEAK = YES;
				CLANG_WARN_BLOCK_CAPTURE_AUTORELEASING = YES;
				CLANG_WARN_BOOL_CONVERSION = YES;
				CLANG_WARN_COMMA = YES;
				CLANG_WARN_CONSTANT_CONVERSION = YES;
				CLANG_WARN_DEPRECATED_OBJC_IMPLEMENTATIONS = YES;
				CLANG_WARN_DIRECT_OBJC_ISA_USAGE = YES_ERROR;
				CLANG_WARN_DOCUMENTATION_COMMENTS = YES;
				CLANG_WARN_EMPTY_BODY = YES;
				CLANG_WARN_ENUM_CONVERSION = YES;
				CLANG_WARN_INFINITE_RECURSION = YES;
				CLANG_WARN_INT_CONVERSION = YES;
				CLANG_WARN_NON_LITERAL_NULL_CONVERSION = YES;
				CLANG_WARN_OBJC_IMPLICIT_RETAIN_SELF = YES;
				CLANG_WARN_OBJC_LITERAL_CONVERSION = YES;
				CLANG_WARN_OBJC_ROOT_CLASS = YES_ERROR;
				CLANG_WARN_QUOTED_INCLUDE_IN_FRAMEWORK_HEADER = YES;
				CLANG_WARN_RANGE_LOOP_ANALYSIS = YES;
				CLANG_WARN_STRICT_PROTOTYPES = YES;
				CLANG_WARN_SUSPICIOUS_MOVE = YES;
				CLANG_WARN_UNGUARDED_AVAILABILITY = YES_AGGRESSIVE;
				CLANG_WARN_UNREACHABLE_CODE = YES;
				CLANG_WARN__DUPLICATE_METHOD_MATCH = YES;
				COPY_PHASE_STRIP = NO;
				DEBUG_INFORMATION_FORMAT = dwarf;
				ENABLE_STRICT_OBJC_MSGSEND = YES;
				ENABLE_TESTABILITY = YES;
				ENABLE_USER_SCRIPT_SANDBOXING = YES;
				GCC_C_LANGUAGE_STANDARD = gnu17;
				GCC_DYNAMIC_NO_PIC = NO;
				GCC_NO_COMMON_BLOCKS = YES;
				GCC_OPTIMIZATION_LEVEL = 0;
				GCC_PREPROCESSOR_DEFINITIONS = (
					"DEBUG=1",
					"$(inherited)",
				);
				GCC_WARN_64_TO_32_BIT_CONVERSION = YES;
				GCC_WARN_ABOUT_RETURN_TYPE = YES_ERROR;
				GCC_WARN_UNDECLARED_SELECTOR = YES;
				GCC_WARN_UNINITIALIZED_AUTOS = YES_AGGRESSIVE;
				GCC_WARN_UNUSED_FUNCTION = YES;
				GCC_WARN_UNUSED_VARIABLE = YES;
				IPHONEOS_DEPLOYMENT_TARGET = 17.5;
				LOCALIZATION_PREFERS_STRING_CATALOGS = YES;
				MTL_ENABLE_DEBUG_INFO = INCLUDE_SOURCE;
				MTL_FAST_MATH = YES;
				ONLY_ACTIVE_ARCH = YES;
				SDKROOT = iphoneos;
				SWIFT_ACTIVE_COMPILATION_CONDITIONS = "DEBUG $(inherited)";
				SWIFT_OPTIMIZATION_LEVEL = "-Onone";
			};
			name = Debug;
		};
		8D04BE682C7328940001825F /* Release */ = {
			isa = XCBuildConfiguration;
			buildSettings = {
				ALWAYS_SEARCH_USER_PATHS = NO;
				ASSETCATALOG_COMPILER_GENERATE_SWIFT_ASSET_SYMBOL_EXTENSIONS = YES;
				CLANG_ANALYZER_NONNULL = YES;
				CLANG_ANALYZER_NUMBER_OBJECT_CONVERSION = YES_AGGRESSIVE;
				CLANG_CXX_LANGUAGE_STANDARD = "gnu++20";
				CLANG_ENABLE_MODULES = YES;
				CLANG_ENABLE_OBJC_ARC = YES;
				CLANG_ENABLE_OBJC_WEAK = YES;
				CLANG_WARN_BLOCK_CAPTURE_AUTORELEASING = YES;
				CLANG_WARN_BOOL_CONVERSION = YES;
				CLANG_WARN_COMMA = YES;
				CLANG_WARN_CONSTANT_CONVERSION = YES;
				CLANG_WARN_DEPRECATED_OBJC_IMPLEMENTATIONS = YES;
				CLANG_WARN_DIRECT_OBJC_ISA_USAGE = YES_ERROR;
				CLANG_WARN_DOCUMENTATION_COMMENTS = YES;
				CLANG_WARN_EMPTY_BODY = YES;
				CLANG_WARN_ENUM_CONVERSION = YES;
				CLANG_WARN_INFINITE_RECURSION = YES;
				CLANG_WARN_INT_CONVERSION = YES;
				CLANG_WARN_NON_LITERAL_NULL_CONVERSION = YES;
				CLANG_WARN_OBJC_IMPLICIT_RETAIN_SELF = YES;
				CLANG_WARN_OBJC_LITERAL_CONVERSION = YES;
				CLANG_WARN_OBJC_ROOT_CLASS = YES_ERROR;
				CLANG_WARN_QUOTED_INCLUDE_IN_FRAMEWORK_HEADER = YES;
				CLANG_WARN_RANGE_LOOP_ANALYSIS = YES;
				CLANG_WARN_STRICT_PROTOTYPES = YES;
				CLANG_WARN_SUSPICIOUS_MOVE = YES;
				CLANG_WARN_UNGUARDED_AVAILABILITY = YES_AGGRESSIVE;
				CLANG_WARN_UNREACHABLE_CODE = YES;
				CLANG_WARN__DUPLICATE_METHOD_MATCH = YES;
				COPY_PHASE_STRIP = NO;
				DEBUG_INFORMATION_FORMAT = "dwarf-with-dsym";
				ENABLE_NS_ASSERTIONS = NO;
				ENABLE_STRICT_OBJC_MSGSEND = YES;
				ENABLE_USER_SCRIPT_SANDBOXING = YES;
				GCC_C_LANGUAGE_STANDARD = gnu17;
				GCC_NO_COMMON_BLOCKS = YES;
				GCC_WARN_64_TO_32_BIT_CONVERSION = YES;
				GCC_WARN_ABOUT_RETURN_TYPE = YES_ERROR;
				GCC_WARN_UNDECLARED_SELECTOR = YES;
				GCC_WARN_UNINITIALIZED_AUTOS = YES_AGGRESSIVE;
				GCC_WARN_UNUSED_FUNCTION = YES;
				GCC_WARN_UNUSED_VARIABLE = YES;
				IPHONEOS_DEPLOYMENT_TARGET = 17.5;
				LOCALIZATION_PREFERS_STRING_CATALOGS = YES;
				MTL_ENABLE_DEBUG_INFO = NO;
				MTL_FAST_MATH = YES;
				SDKROOT = iphoneos;
				SWIFT_COMPILATION_MODE = wholemodule;
				VALIDATE_PRODUCT = YES;
			};
			name = Release;
		};
		8D04BE6A2C7328940001825F /* Debug */ = {
			isa = XCBuildConfiguration;
			buildSettings = {
				ASSETCATALOG_COMPILER_APPICON_NAME = AppIcon;
				ASSETCATALOG_COMPILER_GLOBAL_ACCENT_COLOR_NAME = AccentColor;
				CODE_SIGN_STYLE = Automatic;
				CURRENT_PROJECT_VERSION = 1;
				DEVELOPMENT_TEAM = JCF7F36TC7;
				GENERATE_INFOPLIST_FILE = YES;
				INFOPLIST_FILE = BelocatedAlert/Info.plist;
				INFOPLIST_KEY_UIApplicationSupportsIndirectInputEvents = YES;
				INFOPLIST_KEY_UILaunchStoryboardName = LaunchScreen;
				INFOPLIST_KEY_UIMainStoryboardFile = Main;
				INFOPLIST_KEY_UISupportedInterfaceOrientations_iPad = "UIInterfaceOrientationPortrait UIInterfaceOrientationPortraitUpsideDown UIInterfaceOrientationLandscapeLeft UIInterfaceOrientationLandscapeRight";
				INFOPLIST_KEY_UISupportedInterfaceOrientations_iPhone = "UIInterfaceOrientationPortrait UIInterfaceOrientationLandscapeLeft UIInterfaceOrientationLandscapeRight";
				LD_RUNPATH_SEARCH_PATHS = (
					"$(inherited)",
					"@executable_path/Frameworks",
				);
				MARKETING_VERSION = 1.0;
				PRODUCT_BUNDLE_IDENTIFIER = appsteam.BelocatedAlert;
				PRODUCT_NAME = "$(TARGET_NAME)";
				SWIFT_EMIT_LOC_STRINGS = YES;
				SWIFT_VERSION = 5.0;
				TARGETED_DEVICE_FAMILY = "1,2";
			};
			name = Debug;
		};
		8D04BE6B2C7328940001825F /* Release */ = {
			isa = XCBuildConfiguration;
			buildSettings = {
				ASSETCATALOG_COMPILER_APPICON_NAME = AppIcon;
				ASSETCATALOG_COMPILER_GLOBAL_ACCENT_COLOR_NAME = AccentColor;
				CODE_SIGN_STYLE = Automatic;
				CURRENT_PROJECT_VERSION = 1;
				DEVELOPMENT_TEAM = JCF7F36TC7;
				GENERATE_INFOPLIST_FILE = YES;
				INFOPLIST_FILE = BelocatedAlert/Info.plist;
				INFOPLIST_KEY_UIApplicationSupportsIndirectInputEvents = YES;
				INFOPLIST_KEY_UILaunchStoryboardName = LaunchScreen;
				INFOPLIST_KEY_UIMainStoryboardFile = Main;
				INFOPLIST_KEY_UISupportedInterfaceOrientations_iPad = "UIInterfaceOrientationPortrait UIInterfaceOrientationPortraitUpsideDown UIInterfaceOrientationLandscapeLeft UIInterfaceOrientationLandscapeRight";
				INFOPLIST_KEY_UISupportedInterfaceOrientations_iPhone = "UIInterfaceOrientationPortrait UIInterfaceOrientationLandscapeLeft UIInterfaceOrientationLandscapeRight";
				LD_RUNPATH_SEARCH_PATHS = (
					"$(inherited)",
					"@executable_path/Frameworks",
				);
				MARKETING_VERSION = 1.0;
				PRODUCT_BUNDLE_IDENTIFIER = appsteam.BelocatedAlert;
				PRODUCT_NAME = "$(TARGET_NAME)";
				SWIFT_EMIT_LOC_STRINGS = YES;
				SWIFT_VERSION = 5.0;
				TARGETED_DEVICE_FAMILY = "1,2";
			};
			name = Release;
		};
/* End XCBuildConfiguration section */

/* Begin XCConfigurationList section */
		8D04BE502C7328920001825F /* Build configuration list for PBXProject "BelocatedAlert" */ = {
			isa = XCConfigurationList;
			buildConfigurations = (
				8D04BE672C7328940001825F /* Debug */,
				8D04BE682C7328940001825F /* Release */,
			);
			defaultConfigurationIsVisible = 0;
			defaultConfigurationName = Release;
		};
		8D04BE692C7328940001825F /* Build configuration list for PBXNativeTarget "BelocatedAlert" */ = {
			isa = XCConfigurationList;
			buildConfigurations = (
				8D04BE6A2C7328940001825F /* Debug */,
				8D04BE6B2C7328940001825F /* Release */,
			);
			defaultConfigurationIsVisible = 0;
			defaultConfigurationName = Release;
		};
/* End XCConfigurationList section */
	};
	rootObject = 8D04BE4D2C7328920001825F /* Project object */;
}
